
Microsoft Visual Studio Solution File, Format Version 12.00
# Visual Studio Version 17
VisualStudioVersion = 17.10.35027.167
MinimumVisualStudioVersion = 10.0.40219.1
Project("{FAE04EC0-301F-11D3-BF4B-00C04F79EFBC}") = "pryEjemploDiFini", "pryEjemploDiFini\pryEjemploDiFini.csproj", "{EC5CB1F9-7743-44EB-8480-823CEC646E04}"
EndProject
Global
	GlobalSection(SolutionConfigurationPlatforms) = preSolution
		Debug|Any CPU = Debug|Any CPU
		Release|Any CPU = Release|Any CPU
	EndGlobalSection
	GlobalSection(ProjectConfigurationPlatforms) = postSolution
		{EC5CB1F9-7743-44EB-8480-823CEC646E04}.Debug|Any CPU.ActiveCfg = Debug|Any CPU
		{EC5CB1F9-7743-44EB-8480-823CEC646E04}.Debug|Any CPU.Build.0 = Debug|Any CPU
		{EC5CB1F9-7743-44EB-8480-823CEC646E04}.Release|Any CPU.ActiveCfg = Release|Any CPU
		{EC5CB1F9-7743-44EB-8480-823CEC646E04}.Release|Any CPU.Build.0 = Release|Any CPU
	EndGlobalSection
	GlobalSection(SolutionProperties) = preSolution
		HideSolutionNode = FALSE
	EndGlobalSection
	GlobalSection(ExtensibilityGlobals) = postSolution
		SolutionGuid = {2C9DED3B-82F6-4A25-BF84-87FC33003EE3}
	EndGlobalSection
EndGlobal
